
Microsoft Visual Studio Solution File, Format Version 12.00
# Visual Studio Version 17
VisualStudioVersion = 17.3.32922.545
MinimumVisualStudioVersion = 10.0.40219.1
Project("{FAE04EC0-301F-11D3-BF4B-00C04F79EFBC}") = "Website_selling_jewelry_APIAdmin", "Website_selling_jewelry_APIAdmin.csproj", "{5EAEC86E-9BD2-4613-8095-483FDF40D036}"
EndProject
Project("{FAE04EC0-301F-11D3-BF4B-00C04F79EFBC}") = "Model", "..\Model\Model.csproj", "{23CB57D8-0E3B-4A48-B22C-3915C1AB1642}"
EndProject
Project("{FAE04EC0-301F-11D3-BF4B-00C04F79EFBC}") = "DAL", "..\DAL\DAL.csproj", "{587AB512-AF64-46C9-B60C-83090CAB20FC}"
EndProject
Project("{FAE04EC0-301F-11D3-BF4B-00C04F79EFBC}") = "BUS", "..\BUS\BUS.csproj", "{C138A6A6-B122-422D-97A5-4822ABC9B49A}"
EndProject
Project("{FAE04EC0-301F-11D3-BF4B-00C04F79EFBC}") = "Website_selling_jewelry_APIUser", "..\Website_selling_jewelry_APIUser\Website_selling_jewelry_APIUser.csproj", "{06E08B00-E92C-4BA8-8C6A-03E467B6040D}"
EndProject
Global
	GlobalSection(SolutionConfigurationPlatforms) = preSolution
		Debug|Any CPU = Debug|Any CPU
		Release|Any CPU = Release|Any CPU
	EndGlobalSection
	GlobalSection(ProjectConfigurationPlatforms) = postSolution
		{5EAEC86E-9BD2-4613-8095-483FDF40D036}.Debug|Any CPU.ActiveCfg = Debug|Any CPU
		{5EAEC86E-9BD2-4613-8095-483FDF40D036}.Debug|Any CPU.Build.0 = Debug|Any CPU
		{5EAEC86E-9BD2-4613-8095-483FDF40D036}.Release|Any CPU.ActiveCfg = Release|Any CPU
		{5EAEC86E-9BD2-4613-8095-483FDF40D036}.Release|Any CPU.Build.0 = Release|Any CPU
		{23CB57D8-0E3B-4A48-B22C-3915C1AB1642}.Debug|Any CPU.ActiveCfg = Debug|Any CPU
		{23CB57D8-0E3B-4A48-B22C-3915C1AB1642}.Debug|Any CPU.Build.0 = Debug|Any CPU
		{23CB57D8-0E3B-4A48-B22C-3915C1AB1642}.Release|Any CPU.ActiveCfg = Release|Any CPU
		{23CB57D8-0E3B-4A48-B22C-3915C1AB1642}.Release|Any CPU.Build.0 = Release|Any CPU
		{587AB512-AF64-46C9-B60C-83090CAB20FC}.Debug|Any CPU.ActiveCfg = Debug|Any CPU
		{587AB512-AF64-46C9-B60C-83090CAB20FC}.Debug|Any CPU.Build.0 = Debug|Any CPU
		{587AB512-AF64-46C9-B60C-83090CAB20FC}.Release|Any CPU.ActiveCfg = Release|Any CPU
		{587AB512-AF64-46C9-B60C-83090CAB20FC}.Release|Any CPU.Build.0 = Release|Any CPU
		{C138A6A6-B122-422D-97A5-4822ABC9B49A}.Debug|Any CPU.ActiveCfg = Debug|Any CPU
		{C138A6A6-B122-422D-97A5-4822ABC9B49A}.Debug|Any CPU.Build.0 = Debug|Any CPU
		{C138A6A6-B122-422D-97A5-4822ABC9B49A}.Release|Any CPU.ActiveCfg = Release|Any CPU
		{C138A6A6-B122-422D-97A5-4822ABC9B49A}.Release|Any CPU.Build.0 = Release|Any CPU
		{06E08B00-E92C-4BA8-8C6A-03E467B6040D}.Debug|Any CPU.ActiveCfg = Debug|Any CPU
		{06E08B00-E92C-4BA8-8C6A-03E467B6040D}.Debug|Any CPU.Build.0 = Debug|Any CPU
		{06E08B00-E92C-4BA8-8C6A-03E467B6040D}.Release|Any CPU.ActiveCfg = Release|Any CPU
		{06E08B00-E92C-4BA8-8C6A-03E467B6040D}.Release|Any CPU.Build.0 = Release|Any CPU
	EndGlobalSection
	GlobalSection(SolutionProperties) = preSolution
		HideSolutionNode = FALSE
	EndGlobalSection
	GlobalSection(ExtensibilityGlobals) = postSolution
		SolutionGuid = {FDD44643-1F78-4F5D-ACFB-2BAE9B2EAA06}
	EndGlobalSection
EndGlobal
